// !$*UTF8*$!
{
	archiveVersion = 1;
	classes = {
	};
	objectVersion = 50;
	objects = {

/* Begin PBXBuildFile section */
		84204C042691CD3B0087D722 /* AppDelegate.swift in Sources */ = {isa = PBXBuildFile; fileRef = 84204C032691CD3B0087D722 /* AppDelegate.swift */; };
		84204C062691CD3B0087D722 /* SceneDelegate.swift in Sources */ = {isa = PBXBuildFile; fileRef = 84204C052691CD3B0087D722 /* SceneDelegate.swift */; };
		84204C082691CD3B0087D722 /* ViewController.swift in Sources */ = {isa = PBXBuildFile; fileRef = 84204C072691CD3B0087D722 /* ViewController.swift */; };
		84204C0B2691CD3B0087D722 /* Main.storyboard in Resources */ = {isa = PBXBuildFile; fileRef = 84204C092691CD3B0087D722 /* Main.storyboard */; };
		84204C0E2691CD3B0087D722 /* TodoListCoreData.xcdatamodeld in Sources */ = {isa = PBXBuildFile; fileRef = 84204C0C2691CD3B0087D722 /* TodoListCoreData.xcdatamodeld */; };
		84204C102691CD3C0087D722 /* Assets.xcassets in Resources */ = {isa = PBXBuildFile; fileRef = 84204C0F2691CD3C0087D722 /* Assets.xcassets */; };
		84204C132691CD3C0087D722 /* LaunchScreen.storyboard in Resources */ = {isa = PBXBuildFile; fileRef = 84204C112691CD3C0087D722 /* LaunchScreen.storyboard */; };
		84204C1E2691CD3C0087D722 /* TodoListCoreDataTests.swift in Sources */ = {isa = PBXBuildFile; fileRef = 84204C1D2691CD3C0087D722 /* TodoListCoreDataTests.swift */; };
		84204C292691CD3C0087D722 /* TodoListCoreDataUITests.swift in Sources */ = {isa = PBXBuildFile; fileRef = 84204C282691CD3C0087D722 /* TodoListCoreDataUITests.swift */; };
/* End PBXBuildFile section */

/* Begin PBXContainerItemProxy section */
		84204C1A2691CD3C0087D722 /* PBXContainerItemProxy */ = {
			isa = PBXContainerItemProxy;
			containerPortal = 84204BF82691CD3B0087D722 /* Project object */;
			proxyType = 1;
			remoteGlobalIDString = 84204BFF2691CD3B0087D722;
			remoteInfo = TodoListCoreData;
		};
		84204C252691CD3C0087D722 /* PBXContainerItemProxy */ = {
			isa = PBXContainerItemProxy;
			containerPortal = 84204BF82691CD3B0087D722 /* Project object */;
			proxyType = 1;
			remoteGlobalIDString = 84204BFF2691CD3B0087D722;
			remoteInfo = TodoListCoreData;
		};
/* End PBXContainerItemProxy section */

/* Begin PBXFileReference section */
		84204C002691CD3B0087D722 /* TodoListCoreData.app */ = {isa = PBXFileReference; explicitFileType = wrapper.application; includeInIndex = 0; path = TodoListCoreData.app; sourceTree = BUILT_PRODUCTS_DIR; };
		84204C032691CD3B0087D722 /* AppDelegate.swift */ = {isa = PBXFileReference; lastKnownFileType = sourcecode.swift; path = AppDelegate.swift; sourceTree = "<group>"; };
		84204C052691CD3B0087D722 /* SceneDelegate.swift */ = {isa = PBXFileReference; lastKnownFileType = sourcecode.swift; path = SceneDelegate.swift; sourceTree = "<group>"; };
		84204C072691CD3B0087D722 /* ViewController.swift */ = {isa = PBXFileReference; lastKnownFileType = sourcecode.swift; path = ViewController.swift; sourceTree = "<group>"; };
		84204C0A2691CD3B0087D722 /* Base */ = {isa = PBXFileReference; lastKnownFileType = file.storyboard; name = Base; path = Base.lproj/Main.storyboard; sourceTree = "<group>"; };
		84204C0D2691CD3B0087D722 /* TodoListCoreData.xcdatamodel */ = {isa = PBXFileReference; lastKnownFileType = wrapper.xcdatamodel; path = TodoListCoreData.xcdatamodel; sourceTree = "<group>"; };
		84204C0F2691CD3C0087D722 /* Assets.xcassets */ = {isa = PBXFileReference; lastKnownFileType = folder.assetcatalog; path = Assets.xcassets; sourceTree = "<group>"; };
		84204C122691CD3C0087D722 /* Base */ = {isa = PBXFileReference; lastKnownFileType = file.storyboard; name = Base; path = Base.lproj/LaunchScreen.storyboard; sourceTree = "<group>"; };
		84204C142691CD3C0087D722 /* Info.plist */ = {isa = PBXFileReference; lastKnownFileType = text.plist.xml; path = Info.plist; sourceTree = "<group>"; };
		84204C192691CD3C0087D722 /* TodoListCoreDataTests.xctest */ = {isa = PBXFileReference; explicitFileType = wrapper.cfbundle; includeInIndex = 0; path = TodoListCoreDataTests.xctest; sourceTree = BUILT_PRODUCTS_DIR; };
		84204C1D2691CD3C0087D722 /* TodoListCoreDataTests.swift */ = {isa = PBXFileReference; lastKnownFileType = sourcecode.swift; path = TodoListCoreDataTests.swift; sourceTree = "<group>"; };
		84204C1F2691CD3C0087D722 /* Info.plist */ = {isa = PBXFileReference; lastKnownFileType = text.plist.xml; path = Info.plist; sourceTree = "<group>"; };
		84204C242691CD3C0087D722 /* TodoListCoreDataUITests.xctest */ = {isa = PBXFileReference; explicitFileType = wrapper.cfbundle; includeInIndex = 0; path = TodoListCoreDataUITests.xctest; sourceTree = BUILT_PRODUCTS_DIR; };
		84204C282691CD3C0087D722 /* TodoListCoreDataUITests.swift */ = {isa = PBXFileReference; lastKnownFileType = sourcecode.swift; path = TodoListCoreDataUITests.swift; sourceTree = "<group>"; };
		84204C2A2691CD3C0087D722 /* Info.plist */ = {isa = PBXFileReference; lastKnownFileType = text.plist.xml; path = Info.plist; sourceTree = "<group>"; };
/* End PBXFileReference section */

/* Begin PBXFrameworksBuildPhase section */
		84204BFD2691CD3B0087D722 /* Frameworks */ = {
			isa = PBXFrameworksBuildPhase;
			buildActionMask = 2147483647;
			files = (
			);
			runOnlyForDeploymentPostprocessing = 0;
		};
		84204C162691CD3C0087D722 /* Frameworks */ = {
			isa = PBXFrameworksBuildPhase;
			buildActionMask = 2147483647;
			files = (
			);
			runOnlyForDeploymentPostprocessing = 0;
		};
		84204C212691CD3C0087D722 /* Frameworks */ = {
			isa = PBXFrameworksBuildPhase;
			buildActionMask = 2147483647;
			files = (
			);
			runOnlyForDeploymentPostprocessing = 0;
		};
/* End PBXFrameworksBuildPhase section */

/* Begin PBXGroup section */
		84204BF72691CD3B0087D722 = {
			isa = PBXGroup;
			children = (
				84204C022691CD3B0087D722 /* TodoListCoreData */,
				84204C1C2691CD3C0087D722 /* TodoListCoreDataTests */,
				84204C272691CD3C0087D722 /* TodoListCoreDataUITests */,
				84204C012691CD3B0087D722 /* Products */,
			);
			sourceTree = "<group>";
		};
		84204C012691CD3B0087D722 /* Products */ = {
			isa = PBXGroup;
			children = (
				84204C002691CD3B0087D722 /* TodoListCoreData.app */,
				84204C192691CD3C0087D722 /* TodoListCoreDataTests.xctest */,
				84204C242691CD3C0087D722 /* TodoListCoreDataUITests.xctest */,
			);
			name = Products;
			sourceTree = "<group>";
		};
		84204C022691CD3B0087D722 /* TodoListCoreData */ = {
			isa = PBXGroup;
			children = (
				84204C032691CD3B0087D722 /* AppDelegate.swift */,
				84204C052691CD3B0087D722 /* SceneDelegate.swift */,
				84204C072691CD3B0087D722 /* ViewController.swift */,
				84204C092691CD3B0087D722 /* Main.storyboard */,
				84204C0F2691CD3C0087D722 /* Assets.xcassets */,
				84204C112691CD3C0087D722 /* LaunchScreen.storyboard */,
				84204C142691CD3C0087D722 /* Info.plist */,
				84204C0C2691CD3B0087D722 /* TodoListCoreData.xcdatamodeld */,
			);
			path = TodoListCoreData;
			sourceTree = "<group>";
		};
		84204C1C2691CD3C0087D722 /* TodoListCoreDataTests */ = {
			isa = PBXGroup;
			children = (
				84204C1D2691CD3C0087D722 /* TodoListCoreDataTests.swift */,
				84204C1F2691CD3C0087D722 /* Info.plist */,
			);
			path = TodoListCoreDataTests;
			sourceTree = "<group>";
		};
		84204C272691CD3C0087D722 /* TodoListCoreDataUITests */ = {
			isa = PBXGroup;
			children = (
				84204C282691CD3C0087D722 /* TodoListCoreDataUITests.swift */,
				84204C2A2691CD3C0087D722 /* Info.plist */,
			);
			path = TodoListCoreDataUITests;
			sourceTree = "<group>";
		};
/* End PBXGroup section */

/* Begin PBXNativeTarget section */
		84204BFF2691CD3B0087D722 /* TodoListCoreData */ = {
			isa = PBXNativeTarget;
			buildConfigurationList = 84204C2D2691CD3C0087D722 /* Build configuration list for PBXNativeTarget "TodoListCoreData" */;
			buildPhases = (
				84204BFC2691CD3B0087D722 /* Sources */,
				84204BFD2691CD3B0087D722 /* Frameworks */,
				84204BFE2691CD3B0087D722 /* Resources */,
			);
			buildRules = (
			);
			dependencies = (
			);
			name = TodoListCoreData;
			productName = TodoListCoreData;
			productReference = 84204C002691CD3B0087D722 /* TodoListCoreData.app */;
			productType = "com.apple.product-type.application";
		};
		84204C182691CD3C0087D722 /* TodoListCoreDataTests */ = {
			isa = PBXNativeTarget;
			buildConfigurationList = 84204C302691CD3C0087D722 /* Build configuration list for PBXNativeTarget "TodoListCoreDataTests" */;
			buildPhases = (
				84204C152691CD3C0087D722 /* Sources */,
				84204C162691CD3C0087D722 /* Frameworks */,
				84204C172691CD3C0087D722 /* Resources */,
			);
			buildRules = (
			);
			dependencies = (
				84204C1B2691CD3C0087D722 /* PBXTargetDependency */,
			);
			name = TodoListCoreDataTests;
			productName = TodoListCoreDataTests;
			productReference = 84204C192691CD3C0087D722 /* TodoListCoreDataTests.xctest */;
			productType = "com.apple.product-type.bundle.unit-test";
		};
		84204C232691CD3C0087D722 /* TodoListCoreDataUITests */ = {
			isa = PBXNativeTarget;
			buildConfigurationList = 84204C332691CD3C0087D722 /* Build configuration list for PBXNativeTarget "TodoListCoreDataUITests" */;
			buildPhases = (
				84204C202691CD3C0087D722 /* Sources */,
				84204C212691CD3C0087D722 /* Frameworks */,
				84204C222691CD3C0087D722 /* Resources */,
			);
			buildRules = (
			);
			dependencies = (
				84204C262691CD3C0087D722 /* PBXTargetDependency */,
			);
			name = TodoListCoreDataUITests;
			productName = TodoListCoreDataUITests;
			productReference = 84204C242691CD3C0087D722 /* TodoListCoreDataUITests.xctest */;
			productType = "com.apple.product-type.bundle.ui-testing";
		};
/* End PBXNativeTarget section */

/* Begin PBXProject section */
		84204BF82691CD3B0087D722 /* Project object */ = {
			isa = PBXProject;
			attributes = {
				LastSwiftUpdateCheck = 1250;
				LastUpgradeCheck = 1250;
				TargetAttributes = {
					84204BFF2691CD3B0087D722 = {
						CreatedOnToolsVersion = 12.5;
					};
					84204C182691CD3C0087D722 = {
						CreatedOnToolsVersion = 12.5;
						TestTargetID = 84204BFF2691CD3B0087D722;
					};
					84204C232691CD3C0087D722 = {
						CreatedOnToolsVersion = 12.5;
						TestTargetID = 84204BFF2691CD3B0087D722;
					};
				};
			};
			buildConfigurationList = 84204BFB2691CD3B0087D722 /* Build configuration list for PBXProject "TodoListCoreData" */;
			compatibilityVersion = "Xcode 9.3";
			developmentRegion = en;
			hasScannedForEncodings = 0;
			knownRegions = (
				en,
				Base,
			);
			mainGroup = 84204BF72691CD3B0087D722;
			productRefGroup = 84204C012691CD3B0087D722 /* Products */;
			projectDirPath = "";
			projectRoot = "";
			targets = (
				84204BFF2691CD3B0087D722 /* TodoListCoreData */,
				84204C182691CD3C0087D722 /* TodoListCoreDataTests */,
				84204C232691CD3C0087D722 /* TodoListCoreDataUITests */,
			);
		};
/* End PBXProject section */

/* Begin PBXResourcesBuildPhase section */
		84204BFE2691CD3B0087D722 /* Resources */ = {
			isa = PBXResourcesBuildPhase;
			buildActionMask = 2147483647;
			files = (
				84204C132691CD3C0087D722 /* LaunchScreen.storyboard in Resources */,
				84204C102691CD3C0087D722 /* Assets.xcassets in Resources */,
				84204C0B2691CD3B0087D722 /* Main.storyboard in Resources */,
			);
			runOnlyForDeploymentPostprocessing = 0;
		};
		84204C172691CD3C0087D722 /* Resources */ = {
			isa = PBXResourcesBuildPhase;
			buildActionMask = 2147483647;
			files = (
			);
			runOnlyForDeploymentPostprocessing = 0;
		};
		84204C222691CD3C0087D722 /* Resources */ = {
			isa = PBXResourcesBuildPhase;
			buildActionMask = 2147483647;
			files = (
			);
			runOnlyForDeploymentPostprocessing = 0;
		};
/* End PBXResourcesBuildPhase section */

/* Begin PBXSourcesBuildPhase section */
		84204BFC2691CD3B0087D722 /* Sources */ = {
			isa = PBXSourcesBuildPhase;
			buildActionMask = 2147483647;
			files = (
				84204C082691CD3B0087D722 /* ViewController.swift in Sources */,
				84204C042691CD3B0087D722 /* AppDelegate.swift in Sources */,
				84204C0E2691CD3B0087D722 /* TodoListCoreData.xcdatamodeld in Sources */,
				84204C062691CD3B0087D722 /* SceneDelegate.swift in Sources */,
			);
			runOnlyForDeploymentPostprocessing = 0;
		};
		84204C152691CD3C0087D722 /* Sources */ = {
			isa = PBXSourcesBuildPhase;
			buildActionMask = 2147483647;
			files = (
				84204C1E2691CD3C0087D722 /* TodoListCoreDataTests.swift in Sources */,
			);
			runOnlyForDeploymentPostprocessing = 0;
		};
		84204C202691CD3C0087D722 /* Sources */ = {
			isa = PBXSourcesBuildPhase;
			buildActionMask = 2147483647;
			files = (
				84204C292691CD3C0087D722 /* TodoListCoreDataUITests.swift in Sources */,
			);
			runOnlyForDeploymentPostprocessing = 0;
		};
/* End PBXSourcesBuildPhase section */

/* Begin PBXTargetDependency section */
		84204C1B2691CD3C0087D722 /* PBXTargetDependency */ = {
			isa = PBXTargetDependency;
			target = 84204BFF2691CD3B0087D722 /* TodoListCoreData */;
			targetProxy = 84204C1A2691CD3C0087D722 /* PBXContainerItemProxy */;
		};
		84204C262691CD3C0087D722 /* PBXTargetDependency */ = {
			isa = PBXTargetDependency;
			target = 84204BFF2691CD3B0087D722 /* TodoListCoreData */;
			targetProxy = 84204C252691CD3C0087D722 /* PBXContainerItemProxy */;
		};
/* End PBXTargetDependency section */

/* Begin PBXVariantGroup section */
		84204C092691CD3B0087D722 /* Main.storyboard */ = {
			isa = PBXVariantGroup;
			children = (
				84204C0A2691CD3B0087D722 /* Base */,
			);
			name = Main.storyboard;
			sourceTree = "<group>";
		};
		84204C112691CD3C0087D722 /* LaunchScreen.storyboard */ = {
			isa = PBXVariantGroup;
			children = (
				84204C122691CD3C0087D722 /* Base */,
			);
			name = LaunchScreen.storyboard;
			sourceTree = "<group>";
		};
/* End PBXVariantGroup section */

/* Begin XCBuildConfiguration section */
		84204C2B2691CD3C0087D722 /* Debug */ = {
			isa = XCBuildConfiguration;
			buildSettings = {
				ALWAYS_SEARCH_USER_PATHS = NO;
				CLANG_ANALYZER_NONNULL = YES;
				CLANG_ANALYZER_NUMBER_OBJECT_CONVERSION = YES_AGGRESSIVE;
				CLANG_CXX_LANGUAGE_STANDARD = "gnu++14";
				CLANG_CXX_LIBRARY = "libc++";
				CLANG_ENABLE_MODULES = YES;
				CLANG_ENABLE_OBJC_ARC = YES;
				CLANG_ENABLE_OBJC_WEAK = YES;
				CLANG_WARN_BLOCK_CAPTURE_AUTORELEASING = YES;
				CLANG_WARN_BOOL_CONVERSION = YES;
				CLANG_WARN_COMMA = YES;
				CLANG_WARN_CONSTANT_CONVERSION = YES;
				CLANG_WARN_DEPRECATED_OBJC_IMPLEMENTATIONS = YES;
				CLANG_WARN_DIRECT_OBJC_ISA_USAGE = YES_ERROR;
				CLANG_WARN_DOCUMENTATION_COMMENTS = YES;
				CLANG_WARN_EMPTY_BODY = YES;
				CLANG_WARN_ENUM_CONVERSION = YES;
				CLANG_WARN_INFINITE_RECURSION = YES;
				CLANG_WARN_INT_CONVERSION = YES;
				CLANG_WARN_NON_LITERAL_NULL_CONVERSION = YES;
				CLANG_WARN_OBJC_IMPLICIT_RETAIN_SELF = YES;
				CLANG_WARN_OBJC_LITERAL_CONVERSION = YES;
				CLANG_WARN_OBJC_ROOT_CLASS = YES_ERROR;
				CLANG_WARN_QUOTED_INCLUDE_IN_FRAMEWORK_HEADER = YES;
				CLANG_WARN_RANGE_LOOP_ANALYSIS = YES;
				CLANG_WARN_STRICT_PROTOTYPES = YES;
				CLANG_WARN_SUSPICIOUS_MOVE = YES;
				CLANG_WARN_UNGUARDED_AVAILABILITY = YES_AGGRESSIVE;
				CLANG_WARN_UNREACHABLE_CODE = YES;
				CLANG_WARN__DUPLICATE_METHOD_MATCH = YES;
				COPY_PHASE_STRIP = NO;
				DEBUG_INFORMATION_FORMAT = dwarf;
				ENABLE_STRICT_OBJC_MSGSEND = YES;
				ENABLE_TESTABILITY = YES;
				GCC_C_LANGUAGE_STANDARD = gnu11;
				GCC_DYNAMIC_NO_PIC = NO;
				GCC_NO_COMMON_BLOCKS = YES;
				GCC_OPTIMIZATION_LEVEL = 0;
				GCC_PREPROCESSOR_DEFINITIONS = (
					"DEBUG=1",
					"$(inherited)",
				);
				GCC_WARN_64_TO_32_BIT_CONVERSION = YES;
				GCC_WARN_ABOUT_RETURN_TYPE = YES_ERROR;
				GCC_WARN_UNDECLARED_SELECTOR = YES;
				GCC_WARN_UNINITIALIZED_AUTOS = YES_AGGRESSIVE;
				GCC_WARN_UNUSED_FUNCTION = YES;
				GCC_WARN_UNUSED_VARIABLE = YES;
				IPHONEOS_DEPLOYMENT_TARGET = 14.5;
				MTL_ENABLE_DEBUG_INFO = INCLUDE_SOURCE;
				MTL_FAST_MATH = YES;
				ONLY_ACTIVE_ARCH = YES;
				SDKROOT = iphoneos;
				SWIFT_ACTIVE_COMPILATION_CONDITIONS = DEBUG;
				SWIFT_OPTIMIZATION_LEVEL = "-Onone";
			};
			name = Debug;
		};
		84204C2C2691CD3C0087D722 /* Release */ = {
			isa = XCBuildConfiguration;
			buildSettings = {
				ALWAYS_SEARCH_USER_PATHS = NO;
				CLANG_ANALYZER_NONNULL = YES;
				CLANG_ANALYZER_NUMBER_OBJECT_CONVERSION = YES_AGGRESSIVE;
				CLANG_CXX_LANGUAGE_STANDARD = "gnu++14";
				CLANG_CXX_LIBRARY = "libc++";
				CLANG_ENABLE_MODULES = YES;
				CLANG_ENABLE_OBJC_ARC = YES;
				CLANG_ENABLE_OBJC_WEAK = YES;
				CLANG_WARN_BLOCK_CAPTURE_AUTORELEASING = YES;
				CLANG_WARN_BOOL_CONVERSION = YES;
				CLANG_WARN_COMMA = YES;
				CLANG_WARN_CONSTANT_CONVERSION = YES;
				CLANG_WARN_DEPRECATED_OBJC_IMPLEMENTATIONS = YES;
				CLANG_WARN_DIRECT_OBJC_ISA_USAGE = YES_ERROR;
				CLANG_WARN_DOCUMENTATION_COMMENTS = YES;
				CLANG_WARN_EMPTY_BODY = YES;
				CLANG_WARN_ENUM_CONVERSION = YES;
				CLANG_WARN_INFINITE_RECURSION = YES;
				CLANG_WARN_INT_CONVERSION = YES;
				CLANG_WARN_NON_LITERAL_NULL_CONVERSION = YES;
				CLANG_WARN_OBJC_IMPLICIT_RETAIN_SELF = YES;
				CLANG_WARN_OBJC_LITERAL_CONVERSION = YES;
				CLANG_WARN_OBJC_ROOT_CLASS = YES_ERROR;
				CLANG_WARN_QUOTED_INCLUDE_IN_FRAMEWORK_HEADER = YES;
				CLANG_WARN_RANGE_LOOP_ANALYSIS = YES;
				CLANG_WARN_STRICT_PROTOTYPES = YES;
				CLANG_WARN_SUSPICIOUS_MOVE = YES;
				CLANG_WARN_UNGUARDED_AVAILABILITY = YES_AGGRESSIVE;
				CLANG_WARN_UNREACHABLE_CODE = YES;
				CLANG_WARN__DUPLICATE_METHOD_MATCH = YES;
				COPY_PHASE_STRIP = NO;
				DEBUG_INFORMATION_FORMAT = "dwarf-with-dsym";
				ENABLE_NS_ASSERTIONS = NO;
				ENABLE_STRICT_OBJC_MSGSEND = YES;
				GCC_C_LANGUAGE_STANDARD = gnu11;
				GCC_NO_COMMON_BLOCKS = YES;
				GCC_WARN_64_TO_32_BIT_CONVERSION = YES;
				GCC_WARN_ABOUT_RETURN_TYPE = YES_ERROR;
				GCC_WARN_UNDECLARED_SELECTOR = YES;
				GCC_WARN_UNINITIALIZED_AUTOS = YES_AGGRESSIVE;
				GCC_WARN_UNUSED_FUNCTION = YES;
				GCC_WARN_UNUSED_VARIABLE = YES;
				IPHONEOS_DEPLOYMENT_TARGET = 14.5;
				MTL_ENABLE_DEBUG_INFO = NO;
				MTL_FAST_MATH = YES;
				SDKROOT = iphoneos;
				SWIFT_COMPILATION_MODE = wholemodule;
				SWIFT_OPTIMIZATION_LEVEL = "-O";
				VALIDATE_PRODUCT = YES;
			};
			name = Release;
		};
		84204C2E2691CD3C0087D722 /* Debug */ = {
			isa = XCBuildConfiguration;
			buildSettings = {
				ASSETCATALOG_COMPILER_APPICON_NAME = AppIcon;
				ASSETCATALOG_COMPILER_GLOBAL_ACCENT_COLOR_NAME = AccentColor;
				CODE_SIGN_STYLE = Automatic;
				INFOPLIST_FILE = TodoListCoreData/Info.plist;
				LD_RUNPATH_SEARCH_PATHS = (
					"$(inherited)",
					"@executable_path/Frameworks",
				);
				PRODUCT_BUNDLE_IDENTIFIER = anuar.TodoListCoreData;
				PRODUCT_NAME = "$(TARGET_NAME)";
				SWIFT_VERSION = 5.0;
				TARGETED_DEVICE_FAMILY = "1,2";
			};
			name = Debug;
		};
		84204C2F2691CD3C0087D722 /* Release */ = {
			isa = XCBuildConfiguration;
			buildSettings = {
				ASSETCATALOG_COMPILER_APPICON_NAME = AppIcon;
				ASSETCATALOG_COMPILER_GLOBAL_ACCENT_COLOR_NAME = AccentColor;
				CODE_SIGN_STYLE = Automatic;
				INFOPLIST_FILE = TodoListCoreData/Info.plist;
				LD_RUNPATH_SEARCH_PATHS = (
					"$(inherited)",
					"@executable_path/Frameworks",
				);
				PRODUCT_BUNDLE_IDENTIFIER = anuar.TodoListCoreData;
				PRODUCT_NAME = "$(TARGET_NAME)";
				SWIFT_VERSION = 5.0;
				TARGETED_DEVICE_FAMILY = "1,2";
			};
			name = Release;
		};
		84204C312691CD3C0087D722 /* Debug */ = {
			isa = XCBuildConfiguration;
			buildSettings = {
				ALWAYS_EMBED_SWIFT_STANDARD_LIBRARIES = YES;
				BUNDLE_LOADER = "$(TEST_HOST)";
				CODE_SIGN_STYLE = Automatic;
				INFOPLIST_FILE = TodoListCoreDataTests/Info.plist;
				IPHONEOS_DEPLOYMENT_TARGET = 14.5;
				LD_RUNPATH_SEARCH_PATHS = (
					"$(inherited)",
					"@executable_path/Frameworks",
					"@loader_path/Frameworks",
				);
				PRODUCT_BUNDLE_IDENTIFIER = anuar.TodoListCoreDataTests;
				PRODUCT_NAME = "$(TARGET_NAME)";
				SWIFT_VERSION = 5.0;
				TARGETED_DEVICE_FAMILY = "1,2";
				TEST_HOST = "$(BUILT_PRODUCTS_DIR)/TodoListCoreData.app/TodoListCoreData";
			};
			name = Debug;
		};
		84204C322691CD3C0087D722 /* Release */ = {
			isa = XCBuildConfiguration;
			buildSettings = {
				ALWAYS_EMBED_SWIFT_STANDARD_LIBRARIES = YES;
				BUNDLE_LOADER = "$(TEST_HOST)";
				CODE_SIGN_STYLE = Automatic;
				INFOPLIST_FILE = TodoListCoreDataTests/Info.plist;
				IPHONEOS_DEPLOYMENT_TARGET = 14.5;
				LD_RUNPATH_SEARCH_PATHS = (
					"$(inherited)",
					"@executable_path/Frameworks",
					"@loader_path/Frameworks",
				);
				PRODUCT_BUNDLE_IDENTIFIER = anuar.TodoListCoreDataTests;
				PRODUCT_NAME = "$(TARGET_NAME)";
				SWIFT_VERSION = 5.0;
				TARGETED_DEVICE_FAMILY = "1,2";
				TEST_HOST = "$(BUILT_PRODUCTS_DIR)/TodoListCoreData.app/TodoListCoreData";
			};
			name = Release;
		};
		84204C342691CD3C0087D722 /* Debug */ = {
			isa = XCBuildConfiguration;
			buildSettings = {
				ALWAYS_EMBED_SWIFT_STANDARD_LIBRARIES = YES;
				CODE_SIGN_STYLE = Automatic;
				INFOPLIST_FILE = TodoListCoreDataUITests/Info.plist;
				LD_RUNPATH_SEARCH_PATHS = (
					"$(inherited)",
					"@executable_path/Frameworks",
					"@loader_path/Frameworks",
				);
				PRODUCT_BUNDLE_IDENTIFIER = anuar.TodoListCoreDataUITests;
				PRODUCT_NAME = "$(TARGET_NAME)";
				SWIFT_VERSION = 5.0;
				TARGETED_DEVICE_FAMILY = "1,2";
				TEST_TARGET_NAME = TodoListCoreData;
			};
			name = Debug;
		};
		84204C352691CD3C0087D722 /* Release */ = {
			isa = XCBuildConfiguration;
			buildSettings = {
				ALWAYS_EMBED_SWIFT_STANDARD_LIBRARIES = YES;
				CODE_SIGN_STYLE = Automatic;
				INFOPLIST_FILE = TodoListCoreDataUITests/Info.plist;
				LD_RUNPATH_SEARCH_PATHS = (
					"$(inherited)",
					"@executable_path/Frameworks",
					"@loader_path/Frameworks",
				);
				PRODUCT_BUNDLE_IDENTIFIER = anuar.TodoListCoreDataUITests;
				PRODUCT_NAME = "$(TARGET_NAME)";
				SWIFT_VERSION = 5.0;
				TARGETED_DEVICE_FAMILY = "1,2";
				TEST_TARGET_NAME = TodoListCoreData;
			};
			name = Release;
		};
/* End XCBuildConfiguration section */

/* Begin XCConfigurationList section */
		84204BFB2691CD3B0087D722 /* Build configuration list for PBXProject "TodoListCoreData" */ = {
			isa = XCConfigurationList;
			buildConfigurations = (
				84204C2B2691CD3C0087D722 /* Debug */,
				84204C2C2691CD3C0087D722 /* Release */,
			);
			defaultConfigurationIsVisible = 0;
			defaultConfigurationName = Release;
		};
		84204C2D2691CD3C0087D722 /* Build configuration list for PBXNativeTarget "TodoListCoreData" */ = {
			isa = XCConfigurationList;
			buildConfigurations = (
				84204C2E2691CD3C0087D722 /* Debug */,
				84204C2F2691CD3C0087D722 /* Release */,
			);
			defaultConfigurationIsVisible = 0;
			defaultConfigurationName = Release;
		};
		84204C302691CD3C0087D722 /* Build configuration list for PBXNativeTarget "TodoListCoreDataTests" */ = {
			isa = XCConfigurationList;
			buildConfigurations = (
				84204C312691CD3C0087D722 /* Debug */,
				84204C322691CD3C0087D722 /* Release */,
			);
			defaultConfigurationIsVisible = 0;
			defaultConfigurationName = Release;
		};
		84204C332691CD3C0087D722 /* Build configuration list for PBXNativeTarget "TodoListCoreDataUITests" */ = {
			isa = XCConfigurationList;
			buildConfigurations = (
				84204C342691CD3C0087D722 /* Debug */,
				84204C352691CD3C0087D722 /* Release */,
			);
			defaultConfigurationIsVisible = 0;
			defaultConfigurationName = Release;
		};
/* End XCConfigurationList section */

/* Begin XCVersionGroup section */
		84204C0C2691CD3B0087D722 /* TodoListCoreData.xcdatamodeld */ = {
			isa = XCVersionGroup;
			children = (
				84204C0D2691CD3B0087D722 /* TodoListCoreData.xcdatamodel */,
			);
			currentVersion = 84204C0D2691CD3B0087D722 /* TodoListCoreData.xcdatamodel */;
			path = TodoListCoreData.xcdatamodeld;
			sourceTree = "<group>";
			versionGroupType = wrapper.xcdatamodel;
		};
/* End XCVersionGroup section */
	};
	rootObject = 84204BF82691CD3B0087D722 /* Project object */;
}
